
Microsoft Visual Studio Solution File, Format Version 12.00
# Visual Studio Version 17
VisualStudioVersion = 17.11.35303.130
MinimumVisualStudioVersion = 10.0.40219.1
Project("{9A19103F-16F7-4668-BE54-9A1E7A4F7556}") = "MiniETicaret.Products", "MiniETicaret.Products\MiniETicaret.Products.csproj", "{9C82DC7C-DE6F-4918-8F92-CA0BF743A4CA}"
EndProject
Project("{9A19103F-16F7-4668-BE54-9A1E7A4F7556}") = "MiniETicaret.ShoppingCarts", "MiniETicaret.ShoppingCarts\MiniETicaret.ShoppingCarts.csproj", "{EDF32ED1-705C-4951-A94E-C073339AF1E4}"
EndProject
Project("{9A19103F-16F7-4668-BE54-9A1E7A4F7556}") = "MiniETicaret.Orders", "MiniETicaret.Orders\MiniETicaret.Orders.csproj", "{C4468B7C-FC79-4D03-9DCE-AB3A271C9EF4}"
EndProject
Project("{FAE04EC0-301F-11D3-BF4B-00C04F79EFBC}") = "MiniETicaret.Gateway", "MiniETicaret.Gateway\MiniETicaret.Gateway.csproj", "{A302F764-1322-429C-83FB-B2A15EEE5494}"
EndProject
Global
	GlobalSection(SolutionConfigurationPlatforms) = preSolution
		Debug|Any CPU = Debug|Any CPU
		Release|Any CPU = Release|Any CPU
	EndGlobalSection
	GlobalSection(ProjectConfigurationPlatforms) = postSolution
		{9C82DC7C-DE6F-4918-8F92-CA0BF743A4CA}.Debug|Any CPU.ActiveCfg = Debug|Any CPU
		{9C82DC7C-DE6F-4918-8F92-CA0BF743A4CA}.Debug|Any CPU.Build.0 = Debug|Any CPU
		{9C82DC7C-DE6F-4918-8F92-CA0BF743A4CA}.Release|Any CPU.ActiveCfg = Release|Any CPU
		{9C82DC7C-DE6F-4918-8F92-CA0BF743A4CA}.Release|Any CPU.Build.0 = Release|Any CPU
		{EDF32ED1-705C-4951-A94E-C073339AF1E4}.Debug|Any CPU.ActiveCfg = Debug|Any CPU
		{EDF32ED1-705C-4951-A94E-C073339AF1E4}.Debug|Any CPU.Build.0 = Debug|Any CPU
		{EDF32ED1-705C-4951-A94E-C073339AF1E4}.Release|Any CPU.ActiveCfg = Release|Any CPU
		{EDF32ED1-705C-4951-A94E-C073339AF1E4}.Release|Any CPU.Build.0 = Release|Any CPU
		{C4468B7C-FC79-4D03-9DCE-AB3A271C9EF4}.Debug|Any CPU.ActiveCfg = Debug|Any CPU
		{C4468B7C-FC79-4D03-9DCE-AB3A271C9EF4}.Debug|Any CPU.Build.0 = Debug|Any CPU
		{C4468B7C-FC79-4D03-9DCE-AB3A271C9EF4}.Release|Any CPU.ActiveCfg = Release|Any CPU
		{C4468B7C-FC79-4D03-9DCE-AB3A271C9EF4}.Release|Any CPU.Build.0 = Release|Any CPU
		{A302F764-1322-429C-83FB-B2A15EEE5494}.Debug|Any CPU.ActiveCfg = Debug|Any CPU
		{A302F764-1322-429C-83FB-B2A15EEE5494}.Debug|Any CPU.Build.0 = Debug|Any CPU
		{A302F764-1322-429C-83FB-B2A15EEE5494}.Release|Any CPU.ActiveCfg = Release|Any CPU
		{A302F764-1322-429C-83FB-B2A15EEE5494}.Release|Any CPU.Build.0 = Release|Any CPU
	EndGlobalSection
	GlobalSection(SolutionProperties) = preSolution
		HideSolutionNode = FALSE
	EndGlobalSection
	GlobalSection(ExtensibilityGlobals) = postSolution
		SolutionGuid = {90D8B410-9C2C-46E7-BE37-C7CDB35270BF}
	EndGlobalSection
EndGlobal
